
Microsoft Visual Studio Solution File, Format Version 12.00
# Visual Studio Version 17
VisualStudioVersion = 17.5.002.0
MinimumVisualStudioVersion = 10.0.40219.1
Project("{2150E333-8FDC-42A3-9474-1A3956D46DE8}") = "csharp-prep", "csharp-prep", "{189CF3B6-3C06-4023-81FD-5CC3ACC7541E}"
EndProject
Project("{9A19103F-16F7-4668-BE54-9A1E7A4F7556}") = "Prep1", "csharp-prep\Prep1\Prep1.csproj", "{3B40DD38-0177-4577-ACC0-7BA6DC73E8FF}"
EndProject
Project("{9A19103F-16F7-4668-BE54-9A1E7A4F7556}") = "Prep2", "csharp-prep\Prep2\Prep2.csproj", "{792E1659-2EC4-444F-87DD-7D533B532A71}"
EndProject
Project("{9A19103F-16F7-4668-BE54-9A1E7A4F7556}") = "Prep3", "csharp-prep\Prep3\Prep3.csproj", "{1F605FF7-7726-48EA-A259-35102E8F1F2B}"
EndProject
Project("{9A19103F-16F7-4668-BE54-9A1E7A4F7556}") = "Prep4", "csharp-prep\Prep4\Prep4.csproj", "{1F6E5592-D1B4-4514-A90B-6EE9304F55B4}"
EndProject
Project("{9A19103F-16F7-4668-BE54-9A1E7A4F7556}") = "Prep5", "csharp-prep\Prep5\Prep5.csproj", "{E6AC0F3B-1F09-490B-8193-2B7785D475C3}"
EndProject
Project("{2150E333-8FDC-42A3-9474-1A3956D46DE8}") = "final", "final", "{507811C8-8D49-42FA-BF84-EF26A47B73F6}"
EndProject
Project("{9A19103F-16F7-4668-BE54-9A1E7A4F7556}") = "FinalProject", "final\FinalProject\FinalProject.csproj", "{309DC28B-C7FE-4650-8F97-BF5E86D9B6A2}"
EndProject
Project("{9A19103F-16F7-4668-BE54-9A1E7A4F7556}") = "Foundation1", "final\Foundation1\Foundation1.csproj", "{4054BBE7-263E-473C-87D0-F78D9EC04097}"
EndProject
Project("{9A19103F-16F7-4668-BE54-9A1E7A4F7556}") = "Foundation2", "final\Foundation2\Foundation2.csproj", "{7378CC77-D9BB-46AA-8899-479522C7F4E8}"
EndProject
Project("{9A19103F-16F7-4668-BE54-9A1E7A4F7556}") = "Foundation3", "final\Foundation3\Foundation3.csproj", "{A8C9B9E5-6FDF-477F-B1DB-D1EA6A40AF5F}"
EndProject
Project("{9A19103F-16F7-4668-BE54-9A1E7A4F7556}") = "Foundation4", "final\Foundation4\Foundation4.csproj", "{6D7D3FEB-EA16-422F-9513-38D237D69013}"
EndProject
Project("{2150E333-8FDC-42A3-9474-1A3956D46DE8}") = "prepare", "prepare", "{25040D57-E4D8-45BD-BA1B-E8038F52F23E}"
EndProject
Project("{9A19103F-16F7-4668-BE54-9A1E7A4F7556}") = "Learning02", "prepare\Learning02\Learning02.csproj", "{F6F13D9B-DD06-4914-93E4-ADD3F7132DBE}"
EndProject
Project("{9A19103F-16F7-4668-BE54-9A1E7A4F7556}") = "Learning03", "prepare\Learning03\Learning03.csproj", "{36698411-2B9F-4BAC-B912-E1BD23540E87}"
EndProject
Project("{9A19103F-16F7-4668-BE54-9A1E7A4F7556}") = "Learning04", "prepare\Learning04\Learning04.csproj", "{E6207187-853C-4265-9F66-FC2A663E0487}"
EndProject
Project("{9A19103F-16F7-4668-BE54-9A1E7A4F7556}") = "Learning05", "prepare\Learning05\Learning05.csproj", "{B7C33B2F-72B1-4468-8EF3-CFCF1C021DD0}"
EndProject
Project("{2150E333-8FDC-42A3-9474-1A3956D46DE8}") = "prove", "prove", "{5475842C-45CD-4082-B37E-54945AE8073E}"
EndProject
Project("{9A19103F-16F7-4668-BE54-9A1E7A4F7556}") = "Develop02", "prove\Develop02\Develop02.csproj", "{2276BCC1-0E61-49C7-9F8E-79845578D54A}"
EndProject
Project("{9A19103F-16F7-4668-BE54-9A1E7A4F7556}") = "Develop03", "prove\Develop03\Develop03.csproj", "{34A939CE-5667-481A-B272-E546CAA1B494}"
EndProject
Project("{9A19103F-16F7-4668-BE54-9A1E7A4F7556}") = "Develop04", "prove\Develop04\Develop04.csproj", "{C449298E-6EE8-44CA-93DA-1CF3AC5D83ED}"
EndProject
Project("{9A19103F-16F7-4668-BE54-9A1E7A4F7556}") = "Develop05", "prove\Develop05\Develop05.csproj", "{01230EC6-A8B6-43BA-A453-8763D6728431}"
EndProject
Project("{2150E333-8FDC-42A3-9474-1A3956D46DE8}") = "sandbox", "sandbox", "{F6AE7F7E-A556-4596-BFDC-BB74A9678C26}"
EndProject
Project("{9A19103F-16F7-4668-BE54-9A1E7A4F7556}") = "Sandbox", "sandbox\Sandbox\Sandbox.csproj", "{618492F1-C26D-4CDC-A404-5D5018FEC464}"
EndProject
Global
	GlobalSection(SolutionConfigurationPlatforms) = preSolution
		Debug|Any CPU = Debug|Any CPU
		Release|Any CPU = Release|Any CPU
	EndGlobalSection
	GlobalSection(ProjectConfigurationPlatforms) = postSolution
		{3B40DD38-0177-4577-ACC0-7BA6DC73E8FF}.Debug|Any CPU.ActiveCfg = Debug|Any CPU
		{3B40DD38-0177-4577-ACC0-7BA6DC73E8FF}.Debug|Any CPU.Build.0 = Debug|Any CPU
		{3B40DD38-0177-4577-ACC0-7BA6DC73E8FF}.Release|Any CPU.ActiveCfg = Release|Any CPU
		{3B40DD38-0177-4577-ACC0-7BA6DC73E8FF}.Release|Any CPU.Build.0 = Release|Any CPU
		{792E1659-2EC4-444F-87DD-7D533B532A71}.Debug|Any CPU.ActiveCfg = Debug|Any CPU
		{792E1659-2EC4-444F-87DD-7D533B532A71}.Debug|Any CPU.Build.0 = Debug|Any CPU
		{792E1659-2EC4-444F-87DD-7D533B532A71}.Release|Any CPU.ActiveCfg = Release|Any CPU
		{792E1659-2EC4-444F-87DD-7D533B532A71}.Release|Any CPU.Build.0 = Release|Any CPU
		{1F605FF7-7726-48EA-A259-35102E8F1F2B}.Debug|Any CPU.ActiveCfg = Debug|Any CPU
		{1F605FF7-7726-48EA-A259-35102E8F1F2B}.Debug|Any CPU.Build.0 = Debug|Any CPU
		{1F605FF7-7726-48EA-A259-35102E8F1F2B}.Release|Any CPU.ActiveCfg = Release|Any CPU
		{1F605FF7-7726-48EA-A259-35102E8F1F2B}.Release|Any CPU.Build.0 = Release|Any CPU
		{1F6E5592-D1B4-4514-A90B-6EE9304F55B4}.Debug|Any CPU.ActiveCfg = Debug|Any CPU
		{1F6E5592-D1B4-4514-A90B-6EE9304F55B4}.Debug|Any CPU.Build.0 = Debug|Any CPU
		{1F6E5592-D1B4-4514-A90B-6EE9304F55B4}.Release|Any CPU.ActiveCfg = Release|Any CPU
		{1F6E5592-D1B4-4514-A90B-6EE9304F55B4}.Release|Any CPU.Build.0 = Release|Any CPU
		{E6AC0F3B-1F09-490B-8193-2B7785D475C3}.Debug|Any CPU.ActiveCfg = Debug|Any CPU
		{E6AC0F3B-1F09-490B-8193-2B7785D475C3}.Debug|Any CPU.Build.0 = Debug|Any CPU
		{E6AC0F3B-1F09-490B-8193-2B7785D475C3}.Release|Any CPU.ActiveCfg = Release|Any CPU
		{E6AC0F3B-1F09-490B-8193-2B7785D475C3}.Release|Any CPU.Build.0 = Release|Any CPU
		{309DC28B-C7FE-4650-8F97-BF5E86D9B6A2}.Debug|Any CPU.ActiveCfg = Debug|Any CPU
		{309DC28B-C7FE-4650-8F97-BF5E86D9B6A2}.Debug|Any CPU.Build.0 = Debug|Any CPU
		{309DC28B-C7FE-4650-8F97-BF5E86D9B6A2}.Release|Any CPU.ActiveCfg = Release|Any CPU
		{309DC28B-C7FE-4650-8F97-BF5E86D9B6A2}.Release|Any CPU.Build.0 = Release|Any CPU
		{4054BBE7-263E-473C-87D0-F78D9EC04097}.Debug|Any CPU.ActiveCfg = Debug|Any CPU
		{4054BBE7-263E-473C-87D0-F78D9EC04097}.Debug|Any CPU.Build.0 = Debug|Any CPU
		{4054BBE7-263E-473C-87D0-F78D9EC04097}.Release|Any CPU.ActiveCfg = Release|Any CPU
		{4054BBE7-263E-473C-87D0-F78D9EC04097}.Release|Any CPU.Build.0 = Release|Any CPU
		{7378CC77-D9BB-46AA-8899-479522C7F4E8}.Debug|Any CPU.ActiveCfg = Debug|Any CPU
		{7378CC77-D9BB-46AA-8899-479522C7F4E8}.Debug|Any CPU.Build.0 = Debug|Any CPU
		{7378CC77-D9BB-46AA-8899-479522C7F4E8}.Release|Any CPU.ActiveCfg = Release|Any CPU
		{7378CC77-D9BB-46AA-8899-479522C7F4E8}.Release|Any CPU.Build.0 = Release|Any CPU
		{A8C9B9E5-6FDF-477F-B1DB-D1EA6A40AF5F}.Debug|Any CPU.ActiveCfg = Debug|Any CPU
		{A8C9B9E5-6FDF-477F-B1DB-D1EA6A40AF5F}.Debug|Any CPU.Build.0 = Debug|Any CPU
		{A8C9B9E5-6FDF-477F-B1DB-D1EA6A40AF5F}.Release|Any CPU.ActiveCfg = Release|Any CPU
		{A8C9B9E5-6FDF-477F-B1DB-D1EA6A40AF5F}.Release|Any CPU.Build.0 = Release|Any CPU
		{6D7D3FEB-EA16-422F-9513-38D237D69013}.Debug|Any CPU.ActiveCfg = Debug|Any CPU
		{6D7D3FEB-EA16-422F-9513-38D237D69013}.Debug|Any CPU.Build.0 = Debug|Any CPU
		{6D7D3FEB-EA16-422F-9513-38D237D69013}.Release|Any CPU.ActiveCfg = Release|Any CPU
		{6D7D3FEB-EA16-422F-9513-38D237D69013}.Release|Any CPU.Build.0 = Release|Any CPU
		{F6F13D9B-DD06-4914-93E4-ADD3F7132DBE}.Debug|Any CPU.ActiveCfg = Debug|Any CPU
		{F6F13D9B-DD06-4914-93E4-ADD3F7132DBE}.Debug|Any CPU.Build.0 = Debug|Any CPU
		{F6F13D9B-DD06-4914-93E4-ADD3F7132DBE}.Release|Any CPU.ActiveCfg = Release|Any CPU
		{F6F13D9B-DD06-4914-93E4-ADD3F7132DBE}.Release|Any CPU.Build.0 = Release|Any CPU
		{36698411-2B9F-4BAC-B912-E1BD23540E87}.Debug|Any CPU.ActiveCfg = Debug|Any CPU
		{36698411-2B9F-4BAC-B912-E1BD23540E87}.Debug|Any CPU.Build.0 = Debug|Any CPU
		{36698411-2B9F-4BAC-B912-E1BD23540E87}.Release|Any CPU.ActiveCfg = Release|Any CPU
		{36698411-2B9F-4BAC-B912-E1BD23540E87}.Release|Any CPU.Build.0 = Release|Any CPU
		{E6207187-853C-4265-9F66-FC2A663E0487}.Debug|Any CPU.ActiveCfg = Debug|Any CPU
		{E6207187-853C-4265-9F66-FC2A663E0487}.Debug|Any CPU.Build.0 = Debug|Any CPU
		{E6207187-853C-4265-9F66-FC2A663E0487}.Release|Any CPU.ActiveCfg = Release|Any CPU
		{E6207187-853C-4265-9F66-FC2A663E0487}.Release|Any CPU.Build.0 = Release|Any CPU
		{B7C33B2F-72B1-4468-8EF3-CFCF1C021DD0}.Debug|Any CPU.ActiveCfg = Debug|Any CPU
		{B7C33B2F-72B1-4468-8EF3-CFCF1C021DD0}.Debug|Any CPU.Build.0 = Debug|Any CPU
		{B7C33B2F-72B1-4468-8EF3-CFCF1C021DD0}.Release|Any CPU.ActiveCfg = Release|Any CPU
		{B7C33B2F-72B1-4468-8EF3-CFCF1C021DD0}.Release|Any CPU.Build.0 = Release|Any CPU
		{2276BCC1-0E61-49C7-9F8E-79845578D54A}.Debug|Any CPU.ActiveCfg = Debug|Any CPU
		{2276BCC1-0E61-49C7-9F8E-79845578D54A}.Debug|Any CPU.Build.0 = Debug|Any CPU
		{2276BCC1-0E61-49C7-9F8E-79845578D54A}.Release|Any CPU.ActiveCfg = Release|Any CPU
		{2276BCC1-0E61-49C7-9F8E-79845578D54A}.Release|Any CPU.Build.0 = Release|Any CPU
		{34A939CE-5667-481A-B272-E546CAA1B494}.Debug|Any CPU.ActiveCfg = Debug|Any CPU
		{34A939CE-5667-481A-B272-E546CAA1B494}.Debug|Any CPU.Build.0 = Debug|Any CPU
		{34A939CE-5667-481A-B272-E546CAA1B494}.Release|Any CPU.ActiveCfg = Release|Any CPU
		{34A939CE-5667-481A-B272-E546CAA1B494}.Release|Any CPU.Build.0 = Release|Any CPU
		{C449298E-6EE8-44CA-93DA-1CF3AC5D83ED}.Debug|Any CPU.ActiveCfg = Debug|Any CPU
		{C449298E-6EE8-44CA-93DA-1CF3AC5D83ED}.Debug|Any CPU.Build.0 = Debug|Any CPU
		{C449298E-6EE8-44CA-93DA-1CF3AC5D83ED}.Release|Any CPU.ActiveCfg = Release|Any CPU
		{C449298E-6EE8-44CA-93DA-1CF3AC5D83ED}.Release|Any CPU.Build.0 = Release|Any CPU
		{01230EC6-A8B6-43BA-A453-8763D6728431}.Debug|Any CPU.ActiveCfg = Debug|Any CPU
		{01230EC6-A8B6-43BA-A453-8763D6728431}.Debug|Any CPU.Build.0 = Debug|Any CPU
		{01230EC6-A8B6-43BA-A453-8763D6728431}.Release|Any CPU.ActiveCfg = Release|Any CPU
		{01230EC6-A8B6-43BA-A453-8763D6728431}.Release|Any CPU.Build.0 = Release|Any CPU
		{618492F1-C26D-4CDC-A404-5D5018FEC464}.Debug|Any CPU.ActiveCfg = Debug|Any CPU
		{618492F1-C26D-4CDC-A404-5D5018FEC464}.Debug|Any CPU.Build.0 = Debug|Any CPU
		{618492F1-C26D-4CDC-A404-5D5018FEC464}.Release|Any CPU.ActiveCfg = Release|Any CPU
		{618492F1-C26D-4CDC-A404-5D5018FEC464}.Release|Any CPU.Build.0 = Release|Any CPU
	EndGlobalSection
	GlobalSection(SolutionProperties) = preSolution
		HideSolutionNode = FALSE
	EndGlobalSection
	GlobalSection(NestedProjects) = preSolution
		{3B40DD38-0177-4577-ACC0-7BA6DC73E8FF} = {189CF3B6-3C06-4023-81FD-5CC3ACC7541E}
		{792E1659-2EC4-444F-87DD-7D533B532A71} = {189CF3B6-3C06-4023-81FD-5CC3ACC7541E}
		{1F605FF7-7726-48EA-A259-35102E8F1F2B} = {189CF3B6-3C06-4023-81FD-5CC3ACC7541E}
		{1F6E5592-D1B4-4514-A90B-6EE9304F55B4} = {189CF3B6-3C06-4023-81FD-5CC3ACC7541E}
		{E6AC0F3B-1F09-490B-8193-2B7785D475C3} = {189CF3B6-3C06-4023-81FD-5CC3ACC7541E}
		{309DC28B-C7FE-4650-8F97-BF5E86D9B6A2} = {507811C8-8D49-42FA-BF84-EF26A47B73F6}
		{4054BBE7-263E-473C-87D0-F78D9EC04097} = {507811C8-8D49-42FA-BF84-EF26A47B73F6}
		{7378CC77-D9BB-46AA-8899-479522C7F4E8} = {507811C8-8D49-42FA-BF84-EF26A47B73F6}
		{A8C9B9E5-6FDF-477F-B1DB-D1EA6A40AF5F} = {507811C8-8D49-42FA-BF84-EF26A47B73F6}
		{6D7D3FEB-EA16-422F-9513-38D237D69013} = {507811C8-8D49-42FA-BF84-EF26A47B73F6}
		{F6F13D9B-DD06-4914-93E4-ADD3F7132DBE} = {25040D57-E4D8-45BD-BA1B-E8038F52F23E}
		{36698411-2B9F-4BAC-B912-E1BD23540E87} = {25040D57-E4D8-45BD-BA1B-E8038F52F23E}
		{E6207187-853C-4265-9F66-FC2A663E0487} = {25040D57-E4D8-45BD-BA1B-E8038F52F23E}
		{B7C33B2F-72B1-4468-8EF3-CFCF1C021DD0} = {25040D57-E4D8-45BD-BA1B-E8038F52F23E}
		{2276BCC1-0E61-49C7-9F8E-79845578D54A} = {5475842C-45CD-4082-B37E-54945AE8073E}
		{34A939CE-5667-481A-B272-E546CAA1B494} = {5475842C-45CD-4082-B37E-54945AE8073E}
		{C449298E-6EE8-44CA-93DA-1CF3AC5D83ED} = {5475842C-45CD-4082-B37E-54945AE8073E}
		{01230EC6-A8B6-43BA-A453-8763D6728431} = {5475842C-45CD-4082-B37E-54945AE8073E}
		{618492F1-C26D-4CDC-A404-5D5018FEC464} = {F6AE7F7E-A556-4596-BFDC-BB74A9678C26}
	EndGlobalSection
	GlobalSection(ExtensibilityGlobals) = postSolution
		SolutionGuid = {14C43726-2275-4B02-BAE5-5E89D442DD99}
	EndGlobalSection
EndGlobal
